<?xml version="1.0" encoding="utf-8"?>
<Project ToolsVersion="4.0" xmlns="http://schemas.microsoft.com/developer/msbuild/2003">
  <ItemGroup>
    <Filter Include="Source Files">
      <UniqueIdentifier>{4FC737F1-C7A5-4376-A066-2A32D752A2FF}</UniqueIdentifier>
      <Extensions>cpp;c;cc;cxx;c++;cppm;ixx;def;odl;idl;hpj;bat;asm;asmx</Extensions>
    </Filter>
    <Filter Include="Header Files">
      <UniqueIdentifier>{93995380-89BD-4b04-88EB-625FBE52EBFB}</UniqueIdentifier>
      <Extensions>h;hh;hpp;hxx;h++;hm;inl;inc;ipp;xsd</Extensions>
    </Filter>
  </ItemGroup>
  <ItemGroup>
    <ClInclude Include="resource.h">
      <Filter>Header Files</Filter>
    </ClInclude>
    <ClInclude Include="console.h">
      <Filter>Header Files</Filter>
    </ClInclude>
    <ClInclude Include="console_font.h">
      <Filter>Header Files</Filter>
    </ClInclude>
    <ClInclude Include="resource1.h">
      <Filter>Header Files</Filter>
    </ClInclude>
    <ClInclude Include="level.h">
      <Filter>Header Files</Filter>
    </ClInclude>
    <ClInclude Include="screen_melt.h">
      <Filter>Header Files</Filter>
    </ClInclude>
    <ClInclude Include="fps_counter.h">
      <Filter>Header Files</Filter>
    </ClInclude>
    <ClInclude Include="automap.h">
      <Filter>Header Files</Filter>
    </ClInclude>
    <ClInclude Include="textures\all_textures.h">
      <Filter>Header Files</Filter>
    </ClInclude>
    <ClInclude Include="textures\number.h">
      <Filter>Header Files</Filter>
    </ClInclude>
    <ClInclude Include="textures\oracular_texture.h">
      <Filter>Header Files</Filter>
    </ClInclude>
    <ClInclude Include="textures\T_00.h">
      <Filter>Header Files</Filter>
    </ClInclude>
    <ClInclude Include="textures\T_01.h">
      <Filter>Header Files</Filter>
    </ClInclude>
    <ClInclude Include="textures\T_02.h">
      <Filter>Header Files</Filter>
    </ClInclude>
    <ClInclude Include="textures\T_03.h">
      <Filter>Header Files</Filter>
    </ClInclude>
    <ClInclude Include="textures\T_04.h">
      <Filter>Header Files</Filter>
    </ClInclude>
    <ClInclude Include="textures\T_05.h">
      <Filter>Header Files</Filter>
    </ClInclude>
    <ClInclude Include="textures\T_06.h">
      <Filter>Header Files</Filter>
    </ClInclude>
    <ClInclude Include="textures\TEXTURE_TEMPLATE.h">
      <Filter>Header Files</Filter>
    </ClInclude>
    <ClInclude Include="textures\WALL57_1.h">
      <Filter>Header Files</Filter>
    </ClInclude>
    <ClInclude Include="textures\WALL57_2.h">
      <Filter>Header Files</Filter>
    </ClInclude>
    <ClInclude Include="textures\WALL57_3.h">
      <Filter>Header Files</Filter>
    </ClInclude>
    <ClInclude Include="textures\WALL57_4.h">
      <Filter>Header Files</Filter>
    </ClInclude>
    <ClInclude Include="textures\WALL57_anim.h">
      <Filter>Header Files</Filter>
    </ClInclude>
    <ClInclude Include="textures\WALL58.h">
      <Filter>Header Files</Filter>
    </ClInclude>
    <ClInclude Include="textures\BOSSA1.h">
      <Filter>Header Files</Filter>
    </ClInclude>
    <ClInclude Include="enemy.h">
      <Filter>Header Files</Filter>
    </ClInclude>
    <ClInclude Include="textures\main_screen.h">
      <Filter>Header Files</Filter>
    </ClInclude>
  </ItemGroup>
  <ItemGroup>
    <None Include="DoomClone.sln" />
    <None Include="tools\texture_editor_pro.py" />
  </ItemGroup>
  <ItemGroup>
    <ClCompile Include="console_font.c">
      <Filter>Source Files</Filter>
    </ClCompile>
    <ClCompile Include="console.c">
      <Filter>Source Files</Filter>
    </ClCompile>
    <ClCompile Include="DoomTest.c">
      <Filter>Source Files</Filter>
    </ClCompile>
    <ClCompile Include="screen_melt.c">
      <Filter>Source Files</Filter>
    </ClCompile>
    <ClCompile Include="fps_counter.c">
      <Filter>Source Files</Filter>
    </ClCompile>
    <ClCompile Include="automap.c">
      <Filter>Source Files</Filter>
    </ClCompile>
  </ItemGroup>
  <ItemGroup>
    <ResourceCompile Include="DoomClone1.rc" />
  </ItemGroup>
</Project>